<?xml version="1.0" encoding="utf-8"?>
<Project ToolsVersion="4.0" xmlns="http://schemas.microsoft.com/developer/msbuild/2003">
  <ItemGroup>
    <Filter Include="Source Files">
      <UniqueIdentifier>{4FC737F1-C7A5-4376-A066-2A32D752A2FF}</UniqueIdentifier>
      <Extensions>cpp;c;cc;cxx;c++;cppm;ixx;def;odl;idl;hpj;bat;asm;asmx</Extensions>
    </Filter>
    <Filter Include="Header Files">
      <UniqueIdentifier>{93995380-89BD-4b04-88EB-625FBE52EBFB}</UniqueIdentifier>
      <Extensions>h;hh;hpp;hxx;h++;hm;inl;inc;ipp;xsd</Extensions>
    </Filter>
    <Filter Include="Resource Files">
      <UniqueIdentifier>{67DA6AB6-F800-4c08-8B7A-83BB121AAD01}</UniqueIdentifier>
      <Extensions>rc;ico;cur;bmp;dlg;rc2;rct;bin;rgs;gif;jpg;jpeg;jpe;resx;tiff;tif;png;wav;mfcribbon-ms</Extensions>
    </Filter>
    <Filter Include="Header Files\Algorithms">
      <UniqueIdentifier>{0caa4d05-02f0-447c-9ac4-5ad3266f8312}</UniqueIdentifier>
    </Filter>
    <Filter Include="Header Files\Objects">
      <UniqueIdentifier>{bdc28f40-4096-48f5-99c4-88352d2625a1}</UniqueIdentifier>
    </Filter>
    <Filter Include="Header Files\Helpers">
      <UniqueIdentifier>{fe90a2f4-840b-4bc5-b7fb-35312c1f338f}</UniqueIdentifier>
    </Filter>
    <Filter Include="Header Files\Libraries">
      <UniqueIdentifier>{47ff1b76-1112-43ef-97a0-6a87442fa171}</UniqueIdentifier>
    </Filter>
    <Filter Include="Source Files\Algorithms">
      <UniqueIdentifier>{0f10d3f6-0b8d-470c-91f7-4e9f3ec6e2f2}</UniqueIdentifier>
    </Filter>
    <Filter Include="Source Files\Helpers">
      <UniqueIdentifier>{4875d1f9-a0ed-48f3-a6b0-2e9d3842a526}</UniqueIdentifier>
    </Filter>
    <Filter Include="Source Files\Libraries">
      <UniqueIdentifier>{96ef70e7-3e1f-4714-9c95-20ac4d58ca6c}</UniqueIdentifier>
    </Filter>
    <Filter Include="Source Files\Objects">
      <UniqueIdentifier>{30f2dad7-537f-4c34-ae5f-cc9d456336f1}</UniqueIdentifier>
    </Filter>
    <Filter Include="Source Files\Data Structures">
      <UniqueIdentifier>{9d1e5c5f-9fb0-406e-b8c3-a371aff06d2f}</UniqueIdentifier>
    </Filter>
    <Filter Include="Header Files\Data Structures">
      <UniqueIdentifier>{57ebb8cd-3485-4721-8f4b-6088de898973}</UniqueIdentifier>
    </Filter>
    <Filter Include="Header Files\Camera">
      <UniqueIdentifier>{5b031fc2-04fe-4e5e-9a09-63f0db0cf74d}</UniqueIdentifier>
    </Filter>
    <Filter Include="Source Files\Camera">
      <UniqueIdentifier>{48e8177f-ad96-44ee-af96-e47a95a5fc99}</UniqueIdentifier>
    </Filter>
  </ItemGroup>
  <ItemGroup>
    <ClCompile Include="Fingsics.cpp">
      <Filter>Source Files</Filter>
    </ClCompile>
    <ClCompile Include="src\Ball.cpp">
      <Filter>Source Files\Objects</Filter>
    </ClCompile>
    <ClCompile Include="src\Capsule.cpp">
      <Filter>Source Files\Objects</Filter>
    </ClCompile>
    <ClCompile Include="src\Object.cpp">
      <Filter>Source Files\Objects</Filter>
    </ClCompile>
    <ClCompile Include="tinyxml2\tinyxml2.cpp">
      <Filter>Source Files\Libraries</Filter>
    </ClCompile>
    <ClCompile Include="src\Helpers.cpp">
      <Filter>Source Files\Helpers</Filter>
    </ClCompile>
    <ClCompile Include="src\BroadPhaseAlgorithms.cpp">
      <Filter>Source Files\Algorithms</Filter>
    </ClCompile>
    <ClCompile Include="src\Camera.cpp">
      <Filter>Source Files\Camera</Filter>
    </ClCompile>
    <ClCompile Include="src\CenteredCamera.cpp">
      <Filter>Source Files\Camera</Filter>
    </ClCompile>
    <ClCompile Include="src\FreeCamera.cpp">
      <Filter>Source Files\Camera</Filter>
    </ClCompile>
    <ClCompile Include="src\MidPhaseAlgorithms.cpp">
      <Filter>Source Files\Algorithms</Filter>
    </ClCompile>
    <ClCompile Include="src\Plane.cpp">
      <Filter>Source Files\Objects</Filter>
    </ClCompile>
    <ClCompile Include="src\NarrowPhaseAlgorithm.cpp">
      <Filter>Source Files\Algorithms</Filter>
    </ClCompile>
    <ClCompile Include="src\SDLHelpers.cpp">
      <Filter>Source Files\Helpers</Filter>
    </ClCompile>
    <ClCompile Include="src\OpenGLHelpers.cpp">
      <Filter>Source Files\Helpers</Filter>
    </ClCompile>
    <ClCompile Include="src\CollisionResponseAlgorithm.cpp">
      <Filter>Source Files\Algorithms</Filter>
    </ClCompile>
    <ClCompile Include="src\Matrix.cpp">
      <Filter>Source Files\Data Structures</Filter>
    </ClCompile>
    <ClCompile Include="src\Color.cpp">
      <Filter>Source Files\Data Structures</Filter>
    </ClCompile>
    <ClCompile Include="src\Collision.cpp">
      <Filter>Source Files\Data Structures</Filter>
    </ClCompile>
    <ClCompile Include="src\Point.cpp">
      <Filter>Source Files\Data Structures</Filter>
    </ClCompile>
    <ClCompile Include="src\ObjectLoader.cpp">
      <Filter>Source Files\Helpers</Filter>
    </ClCompile>
    <ClCompile Include="src\ConfigLoader.cpp">
      <Filter>Source Files\Helpers</Filter>
    </ClCompile>
    <ClCompile Include="src\OBB.cpp">
      <Filter>Source Files\Data Structures</Filter>
    </ClCompile>
  </ItemGroup>
  <ItemGroup>
    <ClInclude Include="include\BroadPhaseAlgorithms.h">
      <Filter>Header Files\Algorithms</Filter>
    </ClInclude>
    <ClInclude Include="include\Ball.h">
      <Filter>Header Files\Objects</Filter>
    </ClInclude>
    <ClInclude Include="include\Capsule.h">
      <Filter>Header Files\Objects</Filter>
    </ClInclude>
    <ClInclude Include="include\Object.h">
      <Filter>Header Files\Objects</Filter>
    </ClInclude>
    <ClInclude Include="include\Helpers.h">
      <Filter>Header Files\Helpers</Filter>
    </ClInclude>
    <ClInclude Include="tinyxml2\tinyxml2.h">
      <Filter>Header Files\Libraries</Filter>
    </ClInclude>
    <ClInclude Include="include\Camera.h">
      <Filter>Header Files\Camera</Filter>
    </ClInclude>
    <ClInclude Include="include\CenteredCamera.h">
      <Filter>Header Files\Camera</Filter>
    </ClInclude>
    <ClInclude Include="include\FreeCamera.h">
      <Filter>Header Files\Camera</Filter>
    </ClInclude>
    <ClInclude Include="include\MidPhaseAlgorithms.h">
      <Filter>Header Files\Algorithms</Filter>
    </ClInclude>
    <ClInclude Include="include\Plane.h">
      <Filter>Header Files\Objects</Filter>
    </ClInclude>
    <ClInclude Include="include\NarrowPhaseAlgorithm.h">
      <Filter>Header Files\Algorithms</Filter>
    </ClInclude>
    <ClInclude Include="include\SDLHelpers.h">
      <Filter>Header Files\Helpers</Filter>
    </ClInclude>
    <ClInclude Include="include\OpenGLHelpers.h">
      <Filter>Header Files\Helpers</Filter>
    </ClInclude>
    <ClInclude Include="include\CollisionResponseAlgorithm.h">
      <Filter>Header Files\Algorithms</Filter>
    </ClInclude>
    <ClInclude Include="include\Point.h">
      <Filter>Header Files\Data Structures</Filter>
    </ClInclude>
    <ClInclude Include="include\Matrix.h">
      <Filter>Header Files\Data Structures</Filter>
    </ClInclude>
    <ClInclude Include="include\Color.h">
      <Filter>Header Files\Data Structures</Filter>
    </ClInclude>
    <ClInclude Include="include\Collision.h">
      <Filter>Header Files\Data Structures</Filter>
    </ClInclude>
    <ClInclude Include="include\Constants.h">
      <Filter>Header Files\Helpers</Filter>
    </ClInclude>
    <ClInclude Include="include\ObjectLoader.h">
      <Filter>Header Files\Helpers</Filter>
    </ClInclude>
    <ClInclude Include="include\ConfigLoader.h">
      <Filter>Header Files\Helpers</Filter>
    </ClInclude>
    <ClInclude Include="include\OBB.h">
      <Filter>Header Files\Data Structures</Filter>
    </ClInclude>
  </ItemGroup>
</Project>